
Microsoft Visual Studio Solution File, Format Version 12.00
# Visual Studio Version 17
VisualStudioVersion = 17.5.002.0
MinimumVisualStudioVersion = 10.0.40219.1
Project("{9A19103F-16F7-4668-BE54-9A1E7A4F7556}") = "AtividadeArvores", "AtividadeArvores.csproj", "{CF092E67-6C41-4CBA-A9B8-00BB1DB482FF}"
EndProject
Global
	GlobalSection(SolutionConfigurationPlatforms) = preSolution
		Debug|Any CPU = Debug|Any CPU
		Release|Any CPU = Release|Any CPU
	EndGlobalSection
	GlobalSection(ProjectConfigurationPlatforms) = postSolution
		{CF092E67-6C41-4CBA-A9B8-00BB1DB482FF}.Debug|Any CPU.ActiveCfg = Debug|Any CPU
		{CF092E67-6C41-4CBA-A9B8-00BB1DB482FF}.Debug|Any CPU.Build.0 = Debug|Any CPU
		{CF092E67-6C41-4CBA-A9B8-00BB1DB482FF}.Release|Any CPU.ActiveCfg = Release|Any CPU
		{CF092E67-6C41-4CBA-A9B8-00BB1DB482FF}.Release|Any CPU.Build.0 = Release|Any CPU
	EndGlobalSection
	GlobalSection(SolutionProperties) = preSolution
		HideSolutionNode = FALSE
	EndGlobalSection
	GlobalSection(ExtensibilityGlobals) = postSolution
		SolutionGuid = {B0BCB585-3AA5-4FAB-A43B-259B11D5599C}
	EndGlobalSection
EndGlobal
